
Microsoft Visual Studio Solution File, Format Version 12.00
# Visual Studio Version 16
VisualStudioVersion = 16.0.31829.152
MinimumVisualStudioVersion = 10.0.40219.1
Project("{FAE04EC0-301F-11D3-BF4B-00C04F79EFBC}") = "WebApplication1", "WebApplication1\WebApplication1.csproj", "{CED12805-3A60-4F8C-A7EB-78CB582FF044}"
EndProject
Global
	GlobalSection(SolutionConfigurationPlatforms) = preSolution
		Debug|Any CPU = Debug|Any CPU
		Release|Any CPU = Release|Any CPU
	EndGlobalSection
	GlobalSection(ProjectConfigurationPlatforms) = postSolution
		{CED12805-3A60-4F8C-A7EB-78CB582FF044}.Debug|Any CPU.ActiveCfg = Debug|Any CPU
		{CED12805-3A60-4F8C-A7EB-78CB582FF044}.Debug|Any CPU.Build.0 = Debug|Any CPU
		{CED12805-3A60-4F8C-A7EB-78CB582FF044}.Release|Any CPU.ActiveCfg = Release|Any CPU
		{CED12805-3A60-4F8C-A7EB-78CB582FF044}.Release|Any CPU.Build.0 = Release|Any CPU
	EndGlobalSection
	GlobalSection(SolutionProperties) = preSolution
		HideSolutionNode = FALSE
	EndGlobalSection
	GlobalSection(ExtensibilityGlobals) = postSolution
		SolutionGuid = {7B955E27-2B5E-4FA8-9565-431CD20129A0}
	EndGlobalSection
EndGlobal
